
Microsoft Visual Studio Solution File, Format Version 12.00
# Visual Studio Version 17
VisualStudioVersion = 17.7.34202.233
MinimumVisualStudioVersion = 10.0.40219.1
Project("{FAE04EC0-301F-11D3-BF4B-00C04F79EFBC}") = "PokeProofOrganizer", "PokeProofOrganizer.csproj", "{DF3C5F8E-1090-4875-BC3C-3221FE65A76C}"
EndProject
Global
	GlobalSection(SolutionConfigurationPlatforms) = preSolution
		Debug|Any CPU = Debug|Any CPU
		Release|Any CPU = Release|Any CPU
	EndGlobalSection
	GlobalSection(ProjectConfigurationPlatforms) = postSolution
		{DF3C5F8E-1090-4875-BC3C-3221FE65A76C}.Debug|Any CPU.ActiveCfg = Debug|Any CPU
		{DF3C5F8E-1090-4875-BC3C-3221FE65A76C}.Debug|Any CPU.Build.0 = Debug|Any CPU
		{DF3C5F8E-1090-4875-BC3C-3221FE65A76C}.Release|Any CPU.ActiveCfg = Release|Any CPU
		{DF3C5F8E-1090-4875-BC3C-3221FE65A76C}.Release|Any CPU.Build.0 = Release|Any CPU
	EndGlobalSection
	GlobalSection(SolutionProperties) = preSolution
		HideSolutionNode = FALSE
	EndGlobalSection
	GlobalSection(ExtensibilityGlobals) = postSolution
		SolutionGuid = {15FFF0BE-00AF-4AA7-9C6B-22B0E839B748}
	EndGlobalSection
EndGlobal
